
Microsoft Visual Studio Solution File, Format Version 12.00
# Visual Studio 15
VisualStudioVersion = 15.0.26430.15
MinimumVisualStudioVersion = 10.0.40219.1
Project("{FAE04EC0-301F-11D3-BF4B-00C04F79EFBC}") = "PivotViewDemo", "PivotView\PivotPageDemo\PivotViewDemo.csproj", "{AA4E00DA-27FC-4CAA-B793-A0616698DEAE}"
EndProject
Project("{FAE04EC0-301F-11D3-BF4B-00C04F79EFBC}") = "PivotPageProtable", "PivotView\PivotPagePortable\PivotPageProtable.csproj", "{67F9D3A8-F71E-4428-913F-C37AE82CDB24}"
EndProject
Project("{FAE04EC0-301F-11D3-BF4B-00C04F79EFBC}") = "PivotPage.Android", "PicotPage.Android\PivotPage.Android.csproj", "{261847ED-AA34-4004-A8B5-837008B8EADD}"
EndProject
Project("{FAE04EC0-301F-11D3-BF4B-00C04F79EFBC}") = "PivotPage.iOS", "PivotPage.iOS\PivotPage.iOS.csproj", "{8B0C4AB3-BC16-4B33-9B06-431A22E47BE5}"
EndProject
Project("{2150E333-8FDC-42A3-9474-1A3956D46DE8}") = "newdemo", "newdemo", "{ADED61E8-70CE-4486-B88C-4209A42E87FB}"
EndProject
Project("{D954291E-2A0B-460D-934E-DC6B0785DB48}") = "PivotPageNewDemo", "PivotPageNewDemo\PivotPageNewDemo\PivotPageNewDemo.shproj", "{8470D9F7-CB6F-412F-A15D-9401BE1817AE}"
EndProject
Project("{FAE04EC0-301F-11D3-BF4B-00C04F79EFBC}") = "PivotPageNewDemo.Android", "PivotPageNewDemo\PivotPageNewDemo.Android\PivotPageNewDemo.Android.csproj", "{7F86AFC4-2AD1-4B1A-983C-19B7D3E35DF4}"
EndProject
Project("{FAE04EC0-301F-11D3-BF4B-00C04F79EFBC}") = "PivotPageNewDemo.iOS", "PivotPageNewDemo\PivotPageNewDemo.iOS\PivotPageNewDemo.iOS.csproj", "{E5C1388F-26B7-4A4C-A70C-8FA03F66C521}"
EndProject
Global
	GlobalSection(SharedMSBuildProjectFiles) = preSolution
		PivotPageNewDemo\PivotPageNewDemo\PivotPageNewDemo.projitems*{7f86afc4-2ad1-4b1a-983c-19b7d3e35df4}*SharedItemsImports = 4
		PivotPageNewDemo\PivotPageNewDemo\PivotPageNewDemo.projitems*{8470d9f7-cb6f-412f-a15d-9401be1817ae}*SharedItemsImports = 13
		PivotPageNewDemo\PivotPageNewDemo\PivotPageNewDemo.projitems*{e5c1388f-26b7-4a4c-a70c-8fa03f66c521}*SharedItemsImports = 4
	EndGlobalSection
	GlobalSection(SolutionConfigurationPlatforms) = preSolution
		Ad-Hoc|Any CPU = Ad-Hoc|Any CPU
		Ad-Hoc|ARM = Ad-Hoc|ARM
		Ad-Hoc|iPhone = Ad-Hoc|iPhone
		Ad-Hoc|iPhoneSimulator = Ad-Hoc|iPhoneSimulator
		Ad-Hoc|x64 = Ad-Hoc|x64
		Ad-Hoc|x86 = Ad-Hoc|x86
		AppStore|Any CPU = AppStore|Any CPU
		AppStore|ARM = AppStore|ARM
		AppStore|iPhone = AppStore|iPhone
		AppStore|iPhoneSimulator = AppStore|iPhoneSimulator
		AppStore|x64 = AppStore|x64
		AppStore|x86 = AppStore|x86
		Debug|Any CPU = Debug|Any CPU
		Debug|ARM = Debug|ARM
		Debug|iPhone = Debug|iPhone
		Debug|iPhoneSimulator = Debug|iPhoneSimulator
		Debug|x64 = Debug|x64
		Debug|x86 = Debug|x86
		Release|Any CPU = Release|Any CPU
		Release|ARM = Release|ARM
		Release|iPhone = Release|iPhone
		Release|iPhoneSimulator = Release|iPhoneSimulator
		Release|x64 = Release|x64
		Release|x86 = Release|x86
	EndGlobalSection
	GlobalSection(ProjectConfigurationPlatforms) = postSolution
		{AA4E00DA-27FC-4CAA-B793-A0616698DEAE}.Ad-Hoc|Any CPU.ActiveCfg = Release|Any CPU
		{AA4E00DA-27FC-4CAA-B793-A0616698DEAE}.Ad-Hoc|Any CPU.Build.0 = Release|Any CPU
		{AA4E00DA-27FC-4CAA-B793-A0616698DEAE}.Ad-Hoc|ARM.ActiveCfg = Release|Any CPU
		{AA4E00DA-27FC-4CAA-B793-A0616698DEAE}.Ad-Hoc|ARM.Build.0 = Release|Any CPU
		{AA4E00DA-27FC-4CAA-B793-A0616698DEAE}.Ad-Hoc|iPhone.ActiveCfg = Release|Any CPU
		{AA4E00DA-27FC-4CAA-B793-A0616698DEAE}.Ad-Hoc|iPhone.Build.0 = Release|Any CPU
		{AA4E00DA-27FC-4CAA-B793-A0616698DEAE}.Ad-Hoc|iPhoneSimulator.ActiveCfg = Release|Any CPU
		{AA4E00DA-27FC-4CAA-B793-A0616698DEAE}.Ad-Hoc|iPhoneSimulator.Build.0 = Release|Any CPU
		{AA4E00DA-27FC-4CAA-B793-A0616698DEAE}.Ad-Hoc|x64.ActiveCfg = Release|Any CPU
		{AA4E00DA-27FC-4CAA-B793-A0616698DEAE}.Ad-Hoc|x64.Build.0 = Release|Any CPU
		{AA4E00DA-27FC-4CAA-B793-A0616698DEAE}.Ad-Hoc|x86.ActiveCfg = Release|Any CPU
		{AA4E00DA-27FC-4CAA-B793-A0616698DEAE}.Ad-Hoc|x86.Build.0 = Release|Any CPU
		{AA4E00DA-27FC-4CAA-B793-A0616698DEAE}.AppStore|Any CPU.ActiveCfg = Release|Any CPU
		{AA4E00DA-27FC-4CAA-B793-A0616698DEAE}.AppStore|Any CPU.Build.0 = Release|Any CPU
		{AA4E00DA-27FC-4CAA-B793-A0616698DEAE}.AppStore|ARM.ActiveCfg = Release|Any CPU
		{AA4E00DA-27FC-4CAA-B793-A0616698DEAE}.AppStore|ARM.Build.0 = Release|Any CPU
		{AA4E00DA-27FC-4CAA-B793-A0616698DEAE}.AppStore|iPhone.ActiveCfg = Release|Any CPU
		{AA4E00DA-27FC-4CAA-B793-A0616698DEAE}.AppStore|iPhone.Build.0 = Release|Any CPU
		{AA4E00DA-27FC-4CAA-B793-A0616698DEAE}.AppStore|iPhoneSimulator.ActiveCfg = Release|Any CPU
		{AA4E00DA-27FC-4CAA-B793-A0616698DEAE}.AppStore|iPhoneSimulator.Build.0 = Release|Any CPU
		{AA4E00DA-27FC-4CAA-B793-A0616698DEAE}.AppStore|x64.ActiveCfg = Release|Any CPU
		{AA4E00DA-27FC-4CAA-B793-A0616698DEAE}.AppStore|x64.Build.0 = Release|Any CPU
		{AA4E00DA-27FC-4CAA-B793-A0616698DEAE}.AppStore|x86.ActiveCfg = Release|Any CPU
		{AA4E00DA-27FC-4CAA-B793-A0616698DEAE}.AppStore|x86.Build.0 = Release|Any CPU
		{AA4E00DA-27FC-4CAA-B793-A0616698DEAE}.Debug|Any CPU.ActiveCfg = Debug|Any CPU
		{AA4E00DA-27FC-4CAA-B793-A0616698DEAE}.Debug|Any CPU.Build.0 = Debug|Any CPU
		{AA4E00DA-27FC-4CAA-B793-A0616698DEAE}.Debug|ARM.ActiveCfg = Debug|Any CPU
		{AA4E00DA-27FC-4CAA-B793-A0616698DEAE}.Debug|ARM.Build.0 = Debug|Any CPU
		{AA4E00DA-27FC-4CAA-B793-A0616698DEAE}.Debug|iPhone.ActiveCfg = Debug|Any CPU
		{AA4E00DA-27FC-4CAA-B793-A0616698DEAE}.Debug|iPhone.Build.0 = Debug|Any CPU
		{AA4E00DA-27FC-4CAA-B793-A0616698DEAE}.Debug|iPhoneSimulator.ActiveCfg = Debug|Any CPU
		{AA4E00DA-27FC-4CAA-B793-A0616698DEAE}.Debug|iPhoneSimulator.Build.0 = Debug|Any CPU
		{AA4E00DA-27FC-4CAA-B793-A0616698DEAE}.Debug|x64.ActiveCfg = Debug|Any CPU
		{AA4E00DA-27FC-4CAA-B793-A0616698DEAE}.Debug|x64.Build.0 = Debug|Any CPU
		{AA4E00DA-27FC-4CAA-B793-A0616698DEAE}.Debug|x86.ActiveCfg = Debug|Any CPU
		{AA4E00DA-27FC-4CAA-B793-A0616698DEAE}.Debug|x86.Build.0 = Debug|Any CPU
		{AA4E00DA-27FC-4CAA-B793-A0616698DEAE}.Release|Any CPU.ActiveCfg = Release|Any CPU
		{AA4E00DA-27FC-4CAA-B793-A0616698DEAE}.Release|Any CPU.Build.0 = Release|Any CPU
		{AA4E00DA-27FC-4CAA-B793-A0616698DEAE}.Release|ARM.ActiveCfg = Release|Any CPU
		{AA4E00DA-27FC-4CAA-B793-A0616698DEAE}.Release|ARM.Build.0 = Release|Any CPU
		{AA4E00DA-27FC-4CAA-B793-A0616698DEAE}.Release|iPhone.ActiveCfg = Release|Any CPU
		{AA4E00DA-27FC-4CAA-B793-A0616698DEAE}.Release|iPhone.Build.0 = Release|Any CPU
		{AA4E00DA-27FC-4CAA-B793-A0616698DEAE}.Release|iPhoneSimulator.ActiveCfg = Release|Any CPU
		{AA4E00DA-27FC-4CAA-B793-A0616698DEAE}.Release|iPhoneSimulator.Build.0 = Release|Any CPU
		{AA4E00DA-27FC-4CAA-B793-A0616698DEAE}.Release|x64.ActiveCfg = Release|Any CPU
		{AA4E00DA-27FC-4CAA-B793-A0616698DEAE}.Release|x64.Build.0 = Release|Any CPU
		{AA4E00DA-27FC-4CAA-B793-A0616698DEAE}.Release|x86.ActiveCfg = Release|Any CPU
		{AA4E00DA-27FC-4CAA-B793-A0616698DEAE}.Release|x86.Build.0 = Release|Any CPU
		{67F9D3A8-F71E-4428-913F-C37AE82CDB24}.Ad-Hoc|Any CPU.ActiveCfg = Release|Any CPU
		{67F9D3A8-F71E-4428-913F-C37AE82CDB24}.Ad-Hoc|Any CPU.Build.0 = Release|Any CPU
		{67F9D3A8-F71E-4428-913F-C37AE82CDB24}.Ad-Hoc|ARM.ActiveCfg = Release|Any CPU
		{67F9D3A8-F71E-4428-913F-C37AE82CDB24}.Ad-Hoc|ARM.Build.0 = Release|Any CPU
		{67F9D3A8-F71E-4428-913F-C37AE82CDB24}.Ad-Hoc|iPhone.ActiveCfg = Release|Any CPU
		{67F9D3A8-F71E-4428-913F-C37AE82CDB24}.Ad-Hoc|iPhone.Build.0 = Release|Any CPU
		{67F9D3A8-F71E-4428-913F-C37AE82CDB24}.Ad-Hoc|iPhoneSimulator.ActiveCfg = Release|Any CPU
		{67F9D3A8-F71E-4428-913F-C37AE82CDB24}.Ad-Hoc|iPhoneSimulator.Build.0 = Release|Any CPU
		{67F9D3A8-F71E-4428-913F-C37AE82CDB24}.Ad-Hoc|x64.ActiveCfg = Release|Any CPU
		{67F9D3A8-F71E-4428-913F-C37AE82CDB24}.Ad-Hoc|x64.Build.0 = Release|Any CPU
		{67F9D3A8-F71E-4428-913F-C37AE82CDB24}.Ad-Hoc|x86.ActiveCfg = Release|Any CPU
		{67F9D3A8-F71E-4428-913F-C37AE82CDB24}.Ad-Hoc|x86.Build.0 = Release|Any CPU
		{67F9D3A8-F71E-4428-913F-C37AE82CDB24}.AppStore|Any CPU.ActiveCfg = Release|Any CPU
		{67F9D3A8-F71E-4428-913F-C37AE82CDB24}.AppStore|Any CPU.Build.0 = Release|Any CPU
		{67F9D3A8-F71E-4428-913F-C37AE82CDB24}.AppStore|ARM.ActiveCfg = Release|Any CPU
		{67F9D3A8-F71E-4428-913F-C37AE82CDB24}.AppStore|ARM.Build.0 = Release|Any CPU
		{67F9D3A8-F71E-4428-913F-C37AE82CDB24}.AppStore|iPhone.ActiveCfg = Release|Any CPU
		{67F9D3A8-F71E-4428-913F-C37AE82CDB24}.AppStore|iPhone.Build.0 = Release|Any CPU
		{67F9D3A8-F71E-4428-913F-C37AE82CDB24}.AppStore|iPhoneSimulator.ActiveCfg = Release|Any CPU
		{67F9D3A8-F71E-4428-913F-C37AE82CDB24}.AppStore|iPhoneSimulator.Build.0 = Release|Any CPU
		{67F9D3A8-F71E-4428-913F-C37AE82CDB24}.AppStore|x64.ActiveCfg = Release|Any CPU
		{67F9D3A8-F71E-4428-913F-C37AE82CDB24}.AppStore|x64.Build.0 = Release|Any CPU
		{67F9D3A8-F71E-4428-913F-C37AE82CDB24}.AppStore|x86.ActiveCfg = Release|Any CPU
		{67F9D3A8-F71E-4428-913F-C37AE82CDB24}.AppStore|x86.Build.0 = Release|Any CPU
		{67F9D3A8-F71E-4428-913F-C37AE82CDB24}.Debug|Any CPU.ActiveCfg = Debug|Any CPU
		{67F9D3A8-F71E-4428-913F-C37AE82CDB24}.Debug|Any CPU.Build.0 = Debug|Any CPU
		{67F9D3A8-F71E-4428-913F-C37AE82CDB24}.Debug|ARM.ActiveCfg = Debug|Any CPU
		{67F9D3A8-F71E-4428-913F-C37AE82CDB24}.Debug|ARM.Build.0 = Debug|Any CPU
		{67F9D3A8-F71E-4428-913F-C37AE82CDB24}.Debug|iPhone.ActiveCfg = Debug|Any CPU
		{67F9D3A8-F71E-4428-913F-C37AE82CDB24}.Debug|iPhone.Build.0 = Debug|Any CPU
		{67F9D3A8-F71E-4428-913F-C37AE82CDB24}.Debug|iPhoneSimulator.ActiveCfg = Debug|Any CPU
		{67F9D3A8-F71E-4428-913F-C37AE82CDB24}.Debug|iPhoneSimulator.Build.0 = Debug|Any CPU
		{67F9D3A8-F71E-4428-913F-C37AE82CDB24}.Debug|x64.ActiveCfg = Debug|Any CPU
		{67F9D3A8-F71E-4428-913F-C37AE82CDB24}.Debug|x64.Build.0 = Debug|Any CPU
		{67F9D3A8-F71E-4428-913F-C37AE82CDB24}.Debug|x86.ActiveCfg = Debug|Any CPU
		{67F9D3A8-F71E-4428-913F-C37AE82CDB24}.Debug|x86.Build.0 = Debug|Any CPU
		{67F9D3A8-F71E-4428-913F-C37AE82CDB24}.Release|Any CPU.ActiveCfg = Release|Any CPU
		{67F9D3A8-F71E-4428-913F-C37AE82CDB24}.Release|Any CPU.Build.0 = Release|Any CPU
		{67F9D3A8-F71E-4428-913F-C37AE82CDB24}.Release|ARM.ActiveCfg = Release|Any CPU
		{67F9D3A8-F71E-4428-913F-C37AE82CDB24}.Release|ARM.Build.0 = Release|Any CPU
		{67F9D3A8-F71E-4428-913F-C37AE82CDB24}.Release|iPhone.ActiveCfg = Release|Any CPU
		{67F9D3A8-F71E-4428-913F-C37AE82CDB24}.Release|iPhone.Build.0 = Release|Any CPU
		{67F9D3A8-F71E-4428-913F-C37AE82CDB24}.Release|iPhoneSimulator.ActiveCfg = Release|Any CPU
		{67F9D3A8-F71E-4428-913F-C37AE82CDB24}.Release|iPhoneSimulator.Build.0 = Release|Any CPU
		{67F9D3A8-F71E-4428-913F-C37AE82CDB24}.Release|x64.ActiveCfg = Release|Any CPU
		{67F9D3A8-F71E-4428-913F-C37AE82CDB24}.Release|x64.Build.0 = Release|Any CPU
		{67F9D3A8-F71E-4428-913F-C37AE82CDB24}.Release|x86.ActiveCfg = Release|Any CPU
		{67F9D3A8-F71E-4428-913F-C37AE82CDB24}.Release|x86.Build.0 = Release|Any CPU
		{261847ED-AA34-4004-A8B5-837008B8EADD}.Ad-Hoc|Any CPU.ActiveCfg = Release|Any CPU
		{261847ED-AA34-4004-A8B5-837008B8EADD}.Ad-Hoc|Any CPU.Build.0 = Release|Any CPU
		{261847ED-AA34-4004-A8B5-837008B8EADD}.Ad-Hoc|ARM.ActiveCfg = Release|Any CPU
		{261847ED-AA34-4004-A8B5-837008B8EADD}.Ad-Hoc|ARM.Build.0 = Release|Any CPU
		{261847ED-AA34-4004-A8B5-837008B8EADD}.Ad-Hoc|iPhone.ActiveCfg = Release|Any CPU
		{261847ED-AA34-4004-A8B5-837008B8EADD}.Ad-Hoc|iPhone.Build.0 = Release|Any CPU
		{261847ED-AA34-4004-A8B5-837008B8EADD}.Ad-Hoc|iPhoneSimulator.ActiveCfg = Release|Any CPU
		{261847ED-AA34-4004-A8B5-837008B8EADD}.Ad-Hoc|iPhoneSimulator.Build.0 = Release|Any CPU
		{261847ED-AA34-4004-A8B5-837008B8EADD}.Ad-Hoc|x64.ActiveCfg = Release|Any CPU
		{261847ED-AA34-4004-A8B5-837008B8EADD}.Ad-Hoc|x64.Build.0 = Release|Any CPU
		{261847ED-AA34-4004-A8B5-837008B8EADD}.Ad-Hoc|x86.ActiveCfg = Release|Any CPU
		{261847ED-AA34-4004-A8B5-837008B8EADD}.Ad-Hoc|x86.Build.0 = Release|Any CPU
		{261847ED-AA34-4004-A8B5-837008B8EADD}.AppStore|Any CPU.ActiveCfg = Release|Any CPU
		{261847ED-AA34-4004-A8B5-837008B8EADD}.AppStore|Any CPU.Build.0 = Release|Any CPU
		{261847ED-AA34-4004-A8B5-837008B8EADD}.AppStore|ARM.ActiveCfg = Release|Any CPU
		{261847ED-AA34-4004-A8B5-837008B8EADD}.AppStore|ARM.Build.0 = Release|Any CPU
		{261847ED-AA34-4004-A8B5-837008B8EADD}.AppStore|iPhone.ActiveCfg = Release|Any CPU
		{261847ED-AA34-4004-A8B5-837008B8EADD}.AppStore|iPhone.Build.0 = Release|Any CPU
		{261847ED-AA34-4004-A8B5-837008B8EADD}.AppStore|iPhoneSimulator.ActiveCfg = Release|Any CPU
		{261847ED-AA34-4004-A8B5-837008B8EADD}.AppStore|iPhoneSimulator.Build.0 = Release|Any CPU
		{261847ED-AA34-4004-A8B5-837008B8EADD}.AppStore|x64.ActiveCfg = Release|Any CPU
		{261847ED-AA34-4004-A8B5-837008B8EADD}.AppStore|x64.Build.0 = Release|Any CPU
		{261847ED-AA34-4004-A8B5-837008B8EADD}.AppStore|x86.ActiveCfg = Release|Any CPU
		{261847ED-AA34-4004-A8B5-837008B8EADD}.AppStore|x86.Build.0 = Release|Any CPU
		{261847ED-AA34-4004-A8B5-837008B8EADD}.Debug|Any CPU.ActiveCfg = Debug|Any CPU
		{261847ED-AA34-4004-A8B5-837008B8EADD}.Debug|Any CPU.Build.0 = Debug|Any CPU
		{261847ED-AA34-4004-A8B5-837008B8EADD}.Debug|ARM.ActiveCfg = Debug|Any CPU
		{261847ED-AA34-4004-A8B5-837008B8EADD}.Debug|ARM.Build.0 = Debug|Any CPU
		{261847ED-AA34-4004-A8B5-837008B8EADD}.Debug|iPhone.ActiveCfg = Debug|Any CPU
		{261847ED-AA34-4004-A8B5-837008B8EADD}.Debug|iPhone.Build.0 = Debug|Any CPU
		{261847ED-AA34-4004-A8B5-837008B8EADD}.Debug|iPhoneSimulator.ActiveCfg = Debug|Any CPU
		{261847ED-AA34-4004-A8B5-837008B8EADD}.Debug|iPhoneSimulator.Build.0 = Debug|Any CPU
		{261847ED-AA34-4004-A8B5-837008B8EADD}.Debug|x64.ActiveCfg = Debug|Any CPU
		{261847ED-AA34-4004-A8B5-837008B8EADD}.Debug|x64.Build.0 = Debug|Any CPU
		{261847ED-AA34-4004-A8B5-837008B8EADD}.Debug|x86.ActiveCfg = Debug|Any CPU
		{261847ED-AA34-4004-A8B5-837008B8EADD}.Debug|x86.Build.0 = Debug|Any CPU
		{261847ED-AA34-4004-A8B5-837008B8EADD}.Release|Any CPU.ActiveCfg = Release|Any CPU
		{261847ED-AA34-4004-A8B5-837008B8EADD}.Release|Any CPU.Build.0 = Release|Any CPU
		{261847ED-AA34-4004-A8B5-837008B8EADD}.Release|ARM.ActiveCfg = Release|Any CPU
		{261847ED-AA34-4004-A8B5-837008B8EADD}.Release|ARM.Build.0 = Release|Any CPU
		{261847ED-AA34-4004-A8B5-837008B8EADD}.Release|iPhone.ActiveCfg = Release|Any CPU
		{261847ED-AA34-4004-A8B5-837008B8EADD}.Release|iPhone.Build.0 = Release|Any CPU
		{261847ED-AA34-4004-A8B5-837008B8EADD}.Release|iPhoneSimulator.ActiveCfg = Release|Any CPU
		{261847ED-AA34-4004-A8B5-837008B8EADD}.Release|iPhoneSimulator.Build.0 = Release|Any CPU
		{261847ED-AA34-4004-A8B5-837008B8EADD}.Release|x64.ActiveCfg = Release|Any CPU
		{261847ED-AA34-4004-A8B5-837008B8EADD}.Release|x64.Build.0 = Release|Any CPU
		{261847ED-AA34-4004-A8B5-837008B8EADD}.Release|x86.ActiveCfg = Release|Any CPU
		{261847ED-AA34-4004-A8B5-837008B8EADD}.Release|x86.Build.0 = Release|Any CPU
		{8B0C4AB3-BC16-4B33-9B06-431A22E47BE5}.Ad-Hoc|Any CPU.ActiveCfg = Release|Any CPU
		{8B0C4AB3-BC16-4B33-9B06-431A22E47BE5}.Ad-Hoc|Any CPU.Build.0 = Release|Any CPU
		{8B0C4AB3-BC16-4B33-9B06-431A22E47BE5}.Ad-Hoc|ARM.ActiveCfg = Release|Any CPU
		{8B0C4AB3-BC16-4B33-9B06-431A22E47BE5}.Ad-Hoc|ARM.Build.0 = Release|Any CPU
		{8B0C4AB3-BC16-4B33-9B06-431A22E47BE5}.Ad-Hoc|iPhone.ActiveCfg = Release|Any CPU
		{8B0C4AB3-BC16-4B33-9B06-431A22E47BE5}.Ad-Hoc|iPhone.Build.0 = Release|Any CPU
		{8B0C4AB3-BC16-4B33-9B06-431A22E47BE5}.Ad-Hoc|iPhoneSimulator.ActiveCfg = Release|Any CPU
		{8B0C4AB3-BC16-4B33-9B06-431A22E47BE5}.Ad-Hoc|iPhoneSimulator.Build.0 = Release|Any CPU
		{8B0C4AB3-BC16-4B33-9B06-431A22E47BE5}.Ad-Hoc|x64.ActiveCfg = Release|Any CPU
		{8B0C4AB3-BC16-4B33-9B06-431A22E47BE5}.Ad-Hoc|x64.Build.0 = Release|Any CPU
		{8B0C4AB3-BC16-4B33-9B06-431A22E47BE5}.Ad-Hoc|x86.ActiveCfg = Release|Any CPU
		{8B0C4AB3-BC16-4B33-9B06-431A22E47BE5}.Ad-Hoc|x86.Build.0 = Release|Any CPU
		{8B0C4AB3-BC16-4B33-9B06-431A22E47BE5}.AppStore|Any CPU.ActiveCfg = Release|Any CPU
		{8B0C4AB3-BC16-4B33-9B06-431A22E47BE5}.AppStore|Any CPU.Build.0 = Release|Any CPU
		{8B0C4AB3-BC16-4B33-9B06-431A22E47BE5}.AppStore|ARM.ActiveCfg = Release|Any CPU
		{8B0C4AB3-BC16-4B33-9B06-431A22E47BE5}.AppStore|ARM.Build.0 = Release|Any CPU
		{8B0C4AB3-BC16-4B33-9B06-431A22E47BE5}.AppStore|iPhone.ActiveCfg = Release|Any CPU
		{8B0C4AB3-BC16-4B33-9B06-431A22E47BE5}.AppStore|iPhone.Build.0 = Release|Any CPU
		{8B0C4AB3-BC16-4B33-9B06-431A22E47BE5}.AppStore|iPhoneSimulator.ActiveCfg = Release|Any CPU
		{8B0C4AB3-BC16-4B33-9B06-431A22E47BE5}.AppStore|iPhoneSimulator.Build.0 = Release|Any CPU
		{8B0C4AB3-BC16-4B33-9B06-431A22E47BE5}.AppStore|x64.ActiveCfg = Release|Any CPU
		{8B0C4AB3-BC16-4B33-9B06-431A22E47BE5}.AppStore|x64.Build.0 = Release|Any CPU
		{8B0C4AB3-BC16-4B33-9B06-431A22E47BE5}.AppStore|x86.ActiveCfg = Release|Any CPU
		{8B0C4AB3-BC16-4B33-9B06-431A22E47BE5}.AppStore|x86.Build.0 = Release|Any CPU
		{8B0C4AB3-BC16-4B33-9B06-431A22E47BE5}.Debug|Any CPU.ActiveCfg = Debug|Any CPU
		{8B0C4AB3-BC16-4B33-9B06-431A22E47BE5}.Debug|Any CPU.Build.0 = Debug|Any CPU
		{8B0C4AB3-BC16-4B33-9B06-431A22E47BE5}.Debug|ARM.ActiveCfg = Debug|Any CPU
		{8B0C4AB3-BC16-4B33-9B06-431A22E47BE5}.Debug|ARM.Build.0 = Debug|Any CPU
		{8B0C4AB3-BC16-4B33-9B06-431A22E47BE5}.Debug|iPhone.ActiveCfg = Debug|Any CPU
		{8B0C4AB3-BC16-4B33-9B06-431A22E47BE5}.Debug|iPhone.Build.0 = Debug|Any CPU
		{8B0C4AB3-BC16-4B33-9B06-431A22E47BE5}.Debug|iPhoneSimulator.ActiveCfg = Debug|Any CPU
		{8B0C4AB3-BC16-4B33-9B06-431A22E47BE5}.Debug|iPhoneSimulator.Build.0 = Debug|Any CPU
		{8B0C4AB3-BC16-4B33-9B06-431A22E47BE5}.Debug|x64.ActiveCfg = Debug|Any CPU
		{8B0C4AB3-BC16-4B33-9B06-431A22E47BE5}.Debug|x64.Build.0 = Debug|Any CPU
		{8B0C4AB3-BC16-4B33-9B06-431A22E47BE5}.Debug|x86.ActiveCfg = Debug|Any CPU
		{8B0C4AB3-BC16-4B33-9B06-431A22E47BE5}.Debug|x86.Build.0 = Debug|Any CPU
		{8B0C4AB3-BC16-4B33-9B06-431A22E47BE5}.Release|Any CPU.ActiveCfg = Release|Any CPU
		{8B0C4AB3-BC16-4B33-9B06-431A22E47BE5}.Release|Any CPU.Build.0 = Release|Any CPU
		{8B0C4AB3-BC16-4B33-9B06-431A22E47BE5}.Release|ARM.ActiveCfg = Release|Any CPU
		{8B0C4AB3-BC16-4B33-9B06-431A22E47BE5}.Release|ARM.Build.0 = Release|Any CPU
		{8B0C4AB3-BC16-4B33-9B06-431A22E47BE5}.Release|iPhone.ActiveCfg = Release|Any CPU
		{8B0C4AB3-BC16-4B33-9B06-431A22E47BE5}.Release|iPhone.Build.0 = Release|Any CPU
		{8B0C4AB3-BC16-4B33-9B06-431A22E47BE5}.Release|iPhoneSimulator.ActiveCfg = Release|Any CPU
		{8B0C4AB3-BC16-4B33-9B06-431A22E47BE5}.Release|iPhoneSimulator.Build.0 = Release|Any CPU
		{8B0C4AB3-BC16-4B33-9B06-431A22E47BE5}.Release|x64.ActiveCfg = Release|Any CPU
		{8B0C4AB3-BC16-4B33-9B06-431A22E47BE5}.Release|x64.Build.0 = Release|Any CPU
		{8B0C4AB3-BC16-4B33-9B06-431A22E47BE5}.Release|x86.ActiveCfg = Release|Any CPU
		{8B0C4AB3-BC16-4B33-9B06-431A22E47BE5}.Release|x86.Build.0 = Release|Any CPU
		{7F86AFC4-2AD1-4B1A-983C-19B7D3E35DF4}.Ad-Hoc|Any CPU.ActiveCfg = Release|Any CPU
		{7F86AFC4-2AD1-4B1A-983C-19B7D3E35DF4}.Ad-Hoc|Any CPU.Build.0 = Release|Any CPU
		{7F86AFC4-2AD1-4B1A-983C-19B7D3E35DF4}.Ad-Hoc|Any CPU.Deploy.0 = Release|Any CPU
		{7F86AFC4-2AD1-4B1A-983C-19B7D3E35DF4}.Ad-Hoc|ARM.ActiveCfg = Release|Any CPU
		{7F86AFC4-2AD1-4B1A-983C-19B7D3E35DF4}.Ad-Hoc|ARM.Build.0 = Release|Any CPU
		{7F86AFC4-2AD1-4B1A-983C-19B7D3E35DF4}.Ad-Hoc|ARM.Deploy.0 = Release|Any CPU
		{7F86AFC4-2AD1-4B1A-983C-19B7D3E35DF4}.Ad-Hoc|iPhone.ActiveCfg = Release|Any CPU
		{7F86AFC4-2AD1-4B1A-983C-19B7D3E35DF4}.Ad-Hoc|iPhone.Build.0 = Release|Any CPU
		{7F86AFC4-2AD1-4B1A-983C-19B7D3E35DF4}.Ad-Hoc|iPhone.Deploy.0 = Release|Any CPU
		{7F86AFC4-2AD1-4B1A-983C-19B7D3E35DF4}.Ad-Hoc|iPhoneSimulator.ActiveCfg = Release|Any CPU
		{7F86AFC4-2AD1-4B1A-983C-19B7D3E35DF4}.Ad-Hoc|iPhoneSimulator.Build.0 = Release|Any CPU
		{7F86AFC4-2AD1-4B1A-983C-19B7D3E35DF4}.Ad-Hoc|iPhoneSimulator.Deploy.0 = Release|Any CPU
		{7F86AFC4-2AD1-4B1A-983C-19B7D3E35DF4}.Ad-Hoc|x64.ActiveCfg = Release|Any CPU
		{7F86AFC4-2AD1-4B1A-983C-19B7D3E35DF4}.Ad-Hoc|x64.Build.0 = Release|Any CPU
		{7F86AFC4-2AD1-4B1A-983C-19B7D3E35DF4}.Ad-Hoc|x64.Deploy.0 = Release|Any CPU
		{7F86AFC4-2AD1-4B1A-983C-19B7D3E35DF4}.Ad-Hoc|x86.ActiveCfg = Release|Any CPU
		{7F86AFC4-2AD1-4B1A-983C-19B7D3E35DF4}.Ad-Hoc|x86.Build.0 = Release|Any CPU
		{7F86AFC4-2AD1-4B1A-983C-19B7D3E35DF4}.Ad-Hoc|x86.Deploy.0 = Release|Any CPU
		{7F86AFC4-2AD1-4B1A-983C-19B7D3E35DF4}.AppStore|Any CPU.ActiveCfg = Release|Any CPU
		{7F86AFC4-2AD1-4B1A-983C-19B7D3E35DF4}.AppStore|Any CPU.Build.0 = Release|Any CPU
		{7F86AFC4-2AD1-4B1A-983C-19B7D3E35DF4}.AppStore|Any CPU.Deploy.0 = Release|Any CPU
		{7F86AFC4-2AD1-4B1A-983C-19B7D3E35DF4}.AppStore|ARM.ActiveCfg = Release|Any CPU
		{7F86AFC4-2AD1-4B1A-983C-19B7D3E35DF4}.AppStore|ARM.Build.0 = Release|Any CPU
		{7F86AFC4-2AD1-4B1A-983C-19B7D3E35DF4}.AppStore|ARM.Deploy.0 = Release|Any CPU
		{7F86AFC4-2AD1-4B1A-983C-19B7D3E35DF4}.AppStore|iPhone.ActiveCfg = Release|Any CPU
		{7F86AFC4-2AD1-4B1A-983C-19B7D3E35DF4}.AppStore|iPhone.Build.0 = Release|Any CPU
		{7F86AFC4-2AD1-4B1A-983C-19B7D3E35DF4}.AppStore|iPhone.Deploy.0 = Release|Any CPU
		{7F86AFC4-2AD1-4B1A-983C-19B7D3E35DF4}.AppStore|iPhoneSimulator.ActiveCfg = Release|Any CPU
		{7F86AFC4-2AD1-4B1A-983C-19B7D3E35DF4}.AppStore|iPhoneSimulator.Build.0 = Release|Any CPU
		{7F86AFC4-2AD1-4B1A-983C-19B7D3E35DF4}.AppStore|iPhoneSimulator.Deploy.0 = Release|Any CPU
		{7F86AFC4-2AD1-4B1A-983C-19B7D3E35DF4}.AppStore|x64.ActiveCfg = Release|Any CPU
		{7F86AFC4-2AD1-4B1A-983C-19B7D3E35DF4}.AppStore|x64.Build.0 = Release|Any CPU
		{7F86AFC4-2AD1-4B1A-983C-19B7D3E35DF4}.AppStore|x64.Deploy.0 = Release|Any CPU
		{7F86AFC4-2AD1-4B1A-983C-19B7D3E35DF4}.AppStore|x86.ActiveCfg = Release|Any CPU
		{7F86AFC4-2AD1-4B1A-983C-19B7D3E35DF4}.AppStore|x86.Build.0 = Release|Any CPU
		{7F86AFC4-2AD1-4B1A-983C-19B7D3E35DF4}.AppStore|x86.Deploy.0 = Release|Any CPU
		{7F86AFC4-2AD1-4B1A-983C-19B7D3E35DF4}.Debug|Any CPU.ActiveCfg = Debug|Any CPU
		{7F86AFC4-2AD1-4B1A-983C-19B7D3E35DF4}.Debug|Any CPU.Build.0 = Debug|Any CPU
		{7F86AFC4-2AD1-4B1A-983C-19B7D3E35DF4}.Debug|Any CPU.Deploy.0 = Debug|Any CPU
		{7F86AFC4-2AD1-4B1A-983C-19B7D3E35DF4}.Debug|ARM.ActiveCfg = Debug|Any CPU
		{7F86AFC4-2AD1-4B1A-983C-19B7D3E35DF4}.Debug|ARM.Build.0 = Debug|Any CPU
		{7F86AFC4-2AD1-4B1A-983C-19B7D3E35DF4}.Debug|ARM.Deploy.0 = Debug|Any CPU
		{7F86AFC4-2AD1-4B1A-983C-19B7D3E35DF4}.Debug|iPhone.ActiveCfg = Debug|Any CPU
		{7F86AFC4-2AD1-4B1A-983C-19B7D3E35DF4}.Debug|iPhone.Build.0 = Debug|Any CPU
		{7F86AFC4-2AD1-4B1A-983C-19B7D3E35DF4}.Debug|iPhone.Deploy.0 = Debug|Any CPU
		{7F86AFC4-2AD1-4B1A-983C-19B7D3E35DF4}.Debug|iPhoneSimulator.ActiveCfg = Debug|Any CPU
		{7F86AFC4-2AD1-4B1A-983C-19B7D3E35DF4}.Debug|iPhoneSimulator.Build.0 = Debug|Any CPU
		{7F86AFC4-2AD1-4B1A-983C-19B7D3E35DF4}.Debug|iPhoneSimulator.Deploy.0 = Debug|Any CPU
		{7F86AFC4-2AD1-4B1A-983C-19B7D3E35DF4}.Debug|x64.ActiveCfg = Debug|Any CPU
		{7F86AFC4-2AD1-4B1A-983C-19B7D3E35DF4}.Debug|x64.Build.0 = Debug|Any CPU
		{7F86AFC4-2AD1-4B1A-983C-19B7D3E35DF4}.Debug|x64.Deploy.0 = Debug|Any CPU
		{7F86AFC4-2AD1-4B1A-983C-19B7D3E35DF4}.Debug|x86.ActiveCfg = Debug|Any CPU
		{7F86AFC4-2AD1-4B1A-983C-19B7D3E35DF4}.Debug|x86.Build.0 = Debug|Any CPU
		{7F86AFC4-2AD1-4B1A-983C-19B7D3E35DF4}.Debug|x86.Deploy.0 = Debug|Any CPU
		{7F86AFC4-2AD1-4B1A-983C-19B7D3E35DF4}.Release|Any CPU.ActiveCfg = Release|Any CPU
		{7F86AFC4-2AD1-4B1A-983C-19B7D3E35DF4}.Release|Any CPU.Build.0 = Release|Any CPU
		{7F86AFC4-2AD1-4B1A-983C-19B7D3E35DF4}.Release|Any CPU.Deploy.0 = Release|Any CPU
		{7F86AFC4-2AD1-4B1A-983C-19B7D3E35DF4}.Release|ARM.ActiveCfg = Release|Any CPU
		{7F86AFC4-2AD1-4B1A-983C-19B7D3E35DF4}.Release|ARM.Build.0 = Release|Any CPU
		{7F86AFC4-2AD1-4B1A-983C-19B7D3E35DF4}.Release|ARM.Deploy.0 = Release|Any CPU
		{7F86AFC4-2AD1-4B1A-983C-19B7D3E35DF4}.Release|iPhone.ActiveCfg = Release|Any CPU
		{7F86AFC4-2AD1-4B1A-983C-19B7D3E35DF4}.Release|iPhone.Build.0 = Release|Any CPU
		{7F86AFC4-2AD1-4B1A-983C-19B7D3E35DF4}.Release|iPhone.Deploy.0 = Release|Any CPU
		{7F86AFC4-2AD1-4B1A-983C-19B7D3E35DF4}.Release|iPhoneSimulator.ActiveCfg = Release|Any CPU
		{7F86AFC4-2AD1-4B1A-983C-19B7D3E35DF4}.Release|iPhoneSimulator.Build.0 = Release|Any CPU
		{7F86AFC4-2AD1-4B1A-983C-19B7D3E35DF4}.Release|iPhoneSimulator.Deploy.0 = Release|Any CPU
		{7F86AFC4-2AD1-4B1A-983C-19B7D3E35DF4}.Release|x64.ActiveCfg = Release|Any CPU
		{7F86AFC4-2AD1-4B1A-983C-19B7D3E35DF4}.Release|x64.Build.0 = Release|Any CPU
		{7F86AFC4-2AD1-4B1A-983C-19B7D3E35DF4}.Release|x64.Deploy.0 = Release|Any CPU
		{7F86AFC4-2AD1-4B1A-983C-19B7D3E35DF4}.Release|x86.ActiveCfg = Release|Any CPU
		{7F86AFC4-2AD1-4B1A-983C-19B7D3E35DF4}.Release|x86.Build.0 = Release|Any CPU
		{7F86AFC4-2AD1-4B1A-983C-19B7D3E35DF4}.Release|x86.Deploy.0 = Release|Any CPU
		{E5C1388F-26B7-4A4C-A70C-8FA03F66C521}.Ad-Hoc|Any CPU.ActiveCfg = Ad-Hoc|iPhone
		{E5C1388F-26B7-4A4C-A70C-8FA03F66C521}.Ad-Hoc|ARM.ActiveCfg = Ad-Hoc|iPhone
		{E5C1388F-26B7-4A4C-A70C-8FA03F66C521}.Ad-Hoc|iPhone.ActiveCfg = Ad-Hoc|iPhone
		{E5C1388F-26B7-4A4C-A70C-8FA03F66C521}.Ad-Hoc|iPhone.Build.0 = Ad-Hoc|iPhone
		{E5C1388F-26B7-4A4C-A70C-8FA03F66C521}.Ad-Hoc|iPhoneSimulator.ActiveCfg = Ad-Hoc|iPhoneSimulator
		{E5C1388F-26B7-4A4C-A70C-8FA03F66C521}.Ad-Hoc|iPhoneSimulator.Build.0 = Ad-Hoc|iPhoneSimulator
		{E5C1388F-26B7-4A4C-A70C-8FA03F66C521}.Ad-Hoc|x64.ActiveCfg = Ad-Hoc|iPhone
		{E5C1388F-26B7-4A4C-A70C-8FA03F66C521}.Ad-Hoc|x86.ActiveCfg = Ad-Hoc|iPhone
		{E5C1388F-26B7-4A4C-A70C-8FA03F66C521}.AppStore|Any CPU.ActiveCfg = AppStore|iPhone
		{E5C1388F-26B7-4A4C-A70C-8FA03F66C521}.AppStore|ARM.ActiveCfg = AppStore|iPhone
		{E5C1388F-26B7-4A4C-A70C-8FA03F66C521}.AppStore|iPhone.ActiveCfg = AppStore|iPhone
		{E5C1388F-26B7-4A4C-A70C-8FA03F66C521}.AppStore|iPhone.Build.0 = AppStore|iPhone
		{E5C1388F-26B7-4A4C-A70C-8FA03F66C521}.AppStore|iPhoneSimulator.ActiveCfg = AppStore|iPhoneSimulator
		{E5C1388F-26B7-4A4C-A70C-8FA03F66C521}.AppStore|iPhoneSimulator.Build.0 = AppStore|iPhoneSimulator
		{E5C1388F-26B7-4A4C-A70C-8FA03F66C521}.AppStore|x64.ActiveCfg = AppStore|iPhone
		{E5C1388F-26B7-4A4C-A70C-8FA03F66C521}.AppStore|x86.ActiveCfg = AppStore|iPhone
		{E5C1388F-26B7-4A4C-A70C-8FA03F66C521}.Debug|Any CPU.ActiveCfg = Debug|iPhone
		{E5C1388F-26B7-4A4C-A70C-8FA03F66C521}.Debug|ARM.ActiveCfg = Debug|iPhone
		{E5C1388F-26B7-4A4C-A70C-8FA03F66C521}.Debug|iPhone.ActiveCfg = Debug|iPhone
		{E5C1388F-26B7-4A4C-A70C-8FA03F66C521}.Debug|iPhone.Build.0 = Debug|iPhone
		{E5C1388F-26B7-4A4C-A70C-8FA03F66C521}.Debug|iPhoneSimulator.ActiveCfg = Debug|iPhoneSimulator
		{E5C1388F-26B7-4A4C-A70C-8FA03F66C521}.Debug|iPhoneSimulator.Build.0 = Debug|iPhoneSimulator
		{E5C1388F-26B7-4A4C-A70C-8FA03F66C521}.Debug|x64.ActiveCfg = Debug|iPhone
		{E5C1388F-26B7-4A4C-A70C-8FA03F66C521}.Debug|x86.ActiveCfg = Debug|iPhone
		{E5C1388F-26B7-4A4C-A70C-8FA03F66C521}.Release|Any CPU.ActiveCfg = Release|iPhone
		{E5C1388F-26B7-4A4C-A70C-8FA03F66C521}.Release|ARM.ActiveCfg = Release|iPhone
		{E5C1388F-26B7-4A4C-A70C-8FA03F66C521}.Release|iPhone.ActiveCfg = Release|iPhone
		{E5C1388F-26B7-4A4C-A70C-8FA03F66C521}.Release|iPhone.Build.0 = Release|iPhone
		{E5C1388F-26B7-4A4C-A70C-8FA03F66C521}.Release|iPhoneSimulator.ActiveCfg = Release|iPhoneSimulator
		{E5C1388F-26B7-4A4C-A70C-8FA03F66C521}.Release|iPhoneSimulator.Build.0 = Release|iPhoneSimulator
		{E5C1388F-26B7-4A4C-A70C-8FA03F66C521}.Release|x64.ActiveCfg = Release|iPhone
		{E5C1388F-26B7-4A4C-A70C-8FA03F66C521}.Release|x86.ActiveCfg = Release|iPhone
	EndGlobalSection
	GlobalSection(SolutionProperties) = preSolution
		HideSolutionNode = FALSE
	EndGlobalSection
	GlobalSection(NestedProjects) = preSolution
		{8470D9F7-CB6F-412F-A15D-9401BE1817AE} = {ADED61E8-70CE-4486-B88C-4209A42E87FB}
		{7F86AFC4-2AD1-4B1A-983C-19B7D3E35DF4} = {ADED61E8-70CE-4486-B88C-4209A42E87FB}
		{E5C1388F-26B7-4A4C-A70C-8FA03F66C521} = {ADED61E8-70CE-4486-B88C-4209A42E87FB}
	EndGlobalSection
EndGlobal
